
Microsoft Visual Studio Solution File, Format Version 12.00
# Visual Studio Version 16
VisualStudioVersion = 16.0.29613.14
MinimumVisualStudioVersion = 10.0.40219.1
Project("{FAE04EC0-301F-11D3-BF4B-00C04F79EFBC}") = "Proyecto.Service", "Proyecto.Service\Proyecto.Service.csproj", "{6ACD649B-E02D-4AD9-85AC-4E09B40FD237}"
EndProject
Project("{FAE04EC0-301F-11D3-BF4B-00C04F79EFBC}") = "Proyecto.Console", "Proyecto.Console\Proyecto.Console.csproj", "{D6BC97F5-1501-4704-9495-4E56F86834B0}"
EndProject
Global
	GlobalSection(SolutionConfigurationPlatforms) = preSolution
		Debug|Any CPU = Debug|Any CPU
		Release|Any CPU = Release|Any CPU
	EndGlobalSection
	GlobalSection(ProjectConfigurationPlatforms) = postSolution
		{6ACD649B-E02D-4AD9-85AC-4E09B40FD237}.Debug|Any CPU.ActiveCfg = Debug|Any CPU
		{6ACD649B-E02D-4AD9-85AC-4E09B40FD237}.Debug|Any CPU.Build.0 = Debug|Any CPU
		{6ACD649B-E02D-4AD9-85AC-4E09B40FD237}.Release|Any CPU.ActiveCfg = Release|Any CPU
		{6ACD649B-E02D-4AD9-85AC-4E09B40FD237}.Release|Any CPU.Build.0 = Release|Any CPU
		{D6BC97F5-1501-4704-9495-4E56F86834B0}.Debug|Any CPU.ActiveCfg = Debug|Any CPU
		{D6BC97F5-1501-4704-9495-4E56F86834B0}.Debug|Any CPU.Build.0 = Debug|Any CPU
		{D6BC97F5-1501-4704-9495-4E56F86834B0}.Release|Any CPU.ActiveCfg = Release|Any CPU
		{D6BC97F5-1501-4704-9495-4E56F86834B0}.Release|Any CPU.Build.0 = Release|Any CPU
	EndGlobalSection
	GlobalSection(SolutionProperties) = preSolution
		HideSolutionNode = FALSE
	EndGlobalSection
	GlobalSection(ExtensibilityGlobals) = postSolution
		SolutionGuid = {F527FBCD-7AF8-48ED-AEF3-4521116A3094}
	EndGlobalSection
EndGlobal
